
Microsoft Visual Studio Solution File, Format Version 12.00
# Visual Studio Version 17
VisualStudioVersion = 17.11.35327.3
MinimumVisualStudioVersion = 10.0.40219.1
Project("{FAE04EC0-301F-11D3-BF4B-00C04F79EFBC}") = "GitÖvning", "GitÖvning.csproj", "{B3FE85D3-43A6-4D1F-AF46-6FEB6B46CA95}"
EndProject
Global
	GlobalSection(SolutionConfigurationPlatforms) = preSolution
		Debug|Any CPU = Debug|Any CPU
		Release|Any CPU = Release|Any CPU
	EndGlobalSection
	GlobalSection(ProjectConfigurationPlatforms) = postSolution
		{B3FE85D3-43A6-4D1F-AF46-6FEB6B46CA95}.Debug|Any CPU.ActiveCfg = Debug|Any CPU
		{B3FE85D3-43A6-4D1F-AF46-6FEB6B46CA95}.Debug|Any CPU.Build.0 = Debug|Any CPU
		{B3FE85D3-43A6-4D1F-AF46-6FEB6B46CA95}.Release|Any CPU.ActiveCfg = Release|Any CPU
		{B3FE85D3-43A6-4D1F-AF46-6FEB6B46CA95}.Release|Any CPU.Build.0 = Release|Any CPU
	EndGlobalSection
	GlobalSection(SolutionProperties) = preSolution
		HideSolutionNode = FALSE
	EndGlobalSection
	GlobalSection(ExtensibilityGlobals) = postSolution
		SolutionGuid = {A6FD34DA-2C28-4D4F-A533-F942D92E6A79}
	EndGlobalSection
EndGlobal
